
Microsoft Visual Studio Solution File, Format Version 12.00
# Visual Studio 2013
VisualStudioVersion = 12.0.31101.0
MinimumVisualStudioVersion = 10.0.40219.1
Project("{FAE04EC0-301F-11D3-BF4B-00C04F79EFBC}") = "WebApiChat.Data", "WebApiChat.Data\WebApiChat.Data.csproj", "{E9B96965-D5BE-4C23-BF90-2C2B87D77665}"
EndProject
Project("{FAE04EC0-301F-11D3-BF4B-00C04F79EFBC}") = "WebApiChat.Models", "WebApiChat.Models\WebApiChat.Models.csproj", "{F746ED32-4FFF-4A71-BD65-93238737C2FD}"
EndProject
Project("{FAE04EC0-301F-11D3-BF4B-00C04F79EFBC}") = "WebApiChat.Services", "WebApiChat.Services\WebApiChat.Services.csproj", "{6CBDF15B-E280-4ED4-BA69-F58D62C4CA9F}"
EndProject
Global
	GlobalSection(SolutionConfigurationPlatforms) = preSolution
		Debug|Any CPU = Debug|Any CPU
		Release|Any CPU = Release|Any CPU
	EndGlobalSection
	GlobalSection(ProjectConfigurationPlatforms) = postSolution
		{E9B96965-D5BE-4C23-BF90-2C2B87D77665}.Debug|Any CPU.ActiveCfg = Debug|Any CPU
		{E9B96965-D5BE-4C23-BF90-2C2B87D77665}.Debug|Any CPU.Build.0 = Debug|Any CPU
		{E9B96965-D5BE-4C23-BF90-2C2B87D77665}.Release|Any CPU.ActiveCfg = Release|Any CPU
		{E9B96965-D5BE-4C23-BF90-2C2B87D77665}.Release|Any CPU.Build.0 = Release|Any CPU
		{F746ED32-4FFF-4A71-BD65-93238737C2FD}.Debug|Any CPU.ActiveCfg = Debug|Any CPU
		{F746ED32-4FFF-4A71-BD65-93238737C2FD}.Debug|Any CPU.Build.0 = Debug|Any CPU
		{F746ED32-4FFF-4A71-BD65-93238737C2FD}.Release|Any CPU.ActiveCfg = Release|Any CPU
		{F746ED32-4FFF-4A71-BD65-93238737C2FD}.Release|Any CPU.Build.0 = Release|Any CPU
		{6CBDF15B-E280-4ED4-BA69-F58D62C4CA9F}.Debug|Any CPU.ActiveCfg = Debug|Any CPU
		{6CBDF15B-E280-4ED4-BA69-F58D62C4CA9F}.Debug|Any CPU.Build.0 = Debug|Any CPU
		{6CBDF15B-E280-4ED4-BA69-F58D62C4CA9F}.Release|Any CPU.ActiveCfg = Release|Any CPU
		{6CBDF15B-E280-4ED4-BA69-F58D62C4CA9F}.Release|Any CPU.Build.0 = Release|Any CPU
	EndGlobalSection
	GlobalSection(SolutionProperties) = preSolution
		HideSolutionNode = FALSE
	EndGlobalSection
EndGlobal
