
Microsoft Visual Studio Solution File, Format Version 12.00
# Visual Studio 2013
VisualStudioVersion = 12.0.31101.0
MinimumVisualStudioVersion = 10.0.40219.1
Project("{FAE04EC0-301F-11D3-BF4B-00C04F79EFBC}") = "WebApiChat.Data", "WebApiChat.Data\WebApiChat.Data.csproj", "{E9B96965-D5BE-4C23-BF90-2C2B87D77665}"
EndProject
Project("{FAE04EC0-301F-11D3-BF4B-00C04F79EFBC}") = "WebApiChat.Models", "WebApiChat.Models\WebApiChat.Models.csproj", "{F746ED32-4FFF-4A71-BD65-93238737C2FD}"
EndProject
Project("{FAE04EC0-301F-11D3-BF4B-00C04F79EFBC}") = "WebApiChat.Web", "WebApiChat.Web\WebApiChat.Web.csproj", "{542CB259-453B-4908-9CB7-84710396101C}"
EndProject
Project("{2150E333-8FDC-42A3-9474-1A3956D46DE8}") = ".nuget", ".nuget", "{68A87F89-FA7B-497A-9E50-B7D00B2D26DB}"
	ProjectSection(SolutionItems) = preProject
		.nuget\NuGet.Config = .nuget\NuGet.Config
		.nuget\NuGet.exe = .nuget\NuGet.exe
		.nuget\NuGet.targets = .nuget\NuGet.targets
		.nuget\packages.config = .nuget\packages.config
	EndProjectSection
EndProject
Project("{FAE04EC0-301F-11D3-BF4B-00C04F79EFBC}") = "WebApiChat.JSClient", "JSClient\WebApiChat.JSClient.csproj", "{DCB226AC-F8B2-4980-B43A-DA4C49CDB4AE}"
EndProject
Global
	GlobalSection(SolutionConfigurationPlatforms) = preSolution
		Debug|Any CPU = Debug|Any CPU
		Release|Any CPU = Release|Any CPU
	EndGlobalSection
	GlobalSection(ProjectConfigurationPlatforms) = postSolution
		{E9B96965-D5BE-4C23-BF90-2C2B87D77665}.Debug|Any CPU.ActiveCfg = Debug|Any CPU
		{E9B96965-D5BE-4C23-BF90-2C2B87D77665}.Debug|Any CPU.Build.0 = Debug|Any CPU
		{E9B96965-D5BE-4C23-BF90-2C2B87D77665}.Release|Any CPU.ActiveCfg = Release|Any CPU
		{E9B96965-D5BE-4C23-BF90-2C2B87D77665}.Release|Any CPU.Build.0 = Release|Any CPU
		{F746ED32-4FFF-4A71-BD65-93238737C2FD}.Debug|Any CPU.ActiveCfg = Debug|Any CPU
		{F746ED32-4FFF-4A71-BD65-93238737C2FD}.Debug|Any CPU.Build.0 = Debug|Any CPU
		{F746ED32-4FFF-4A71-BD65-93238737C2FD}.Release|Any CPU.ActiveCfg = Release|Any CPU
		{F746ED32-4FFF-4A71-BD65-93238737C2FD}.Release|Any CPU.Build.0 = Release|Any CPU
		{542CB259-453B-4908-9CB7-84710396101C}.Debug|Any CPU.ActiveCfg = Debug|Any CPU
		{542CB259-453B-4908-9CB7-84710396101C}.Debug|Any CPU.Build.0 = Debug|Any CPU
		{542CB259-453B-4908-9CB7-84710396101C}.Release|Any CPU.ActiveCfg = Release|Any CPU
		{542CB259-453B-4908-9CB7-84710396101C}.Release|Any CPU.Build.0 = Release|Any CPU
		{DCB226AC-F8B2-4980-B43A-DA4C49CDB4AE}.Debug|Any CPU.ActiveCfg = Debug|Any CPU
		{DCB226AC-F8B2-4980-B43A-DA4C49CDB4AE}.Debug|Any CPU.Build.0 = Debug|Any CPU
		{DCB226AC-F8B2-4980-B43A-DA4C49CDB4AE}.Release|Any CPU.ActiveCfg = Release|Any CPU
		{DCB226AC-F8B2-4980-B43A-DA4C49CDB4AE}.Release|Any CPU.Build.0 = Release|Any CPU
	EndGlobalSection
	GlobalSection(SolutionProperties) = preSolution
		HideSolutionNode = FALSE
	EndGlobalSection
EndGlobal
